
Microsoft Visual Studio Solution File, Format Version 12.00
# Visual Studio 15
VisualStudioVersion = 15.0.28307.168
MinimumVisualStudioVersion = 10.0.40219.1
Project("{9A19103F-16F7-4668-BE54-9A1E7A4F7556}") = "DroneStore.Data", "DroneStore.Data\DroneStore.Data.csproj", "{57ACBFA6-E86F-40D7-99C4-3E17EB092EB9}"
EndProject
Project("{9A19103F-16F7-4668-BE54-9A1E7A4F7556}") = "DroneStore.Web", "DroneStore.Web\DroneStore.Web.csproj", "{EA0CDF24-C2CB-4BBA-9C66-C3F515FE196A}"
	ProjectSection(ProjectDependencies) = postProject
		{4D4EFDD9-91A7-49F2-9949-CEFF1A862510} = {4D4EFDD9-91A7-49F2-9949-CEFF1A862510}
	EndProjectSection
EndProject
Project("{9A19103F-16F7-4668-BE54-9A1E7A4F7556}") = "DroneStore.Services", "DroneStore.Services\DroneStore.Services.csproj", "{4D4EFDD9-91A7-49F2-9949-CEFF1A862510}"
	ProjectSection(ProjectDependencies) = postProject
		{57ACBFA6-E86F-40D7-99C4-3E17EB092EB9} = {57ACBFA6-E86F-40D7-99C4-3E17EB092EB9}
	EndProjectSection
EndProject
Project("{2150E333-8FDC-42A3-9474-1A3956D46DE8}") = "tests", "tests", "{E3A23A5A-333E-4DFA-8826-DB201AD5E679}"
EndProject
Project("{9A19103F-16F7-4668-BE54-9A1E7A4F7556}") = "FunctionalTests", "FunctionalTests\FunctionalTests.csproj", "{59A1697E-94D4-48A7-B45C-4D1913B76C58}"
EndProject
Project("{9A19103F-16F7-4668-BE54-9A1E7A4F7556}") = "UnitTests", "UnitTests\UnitTests.csproj", "{4C5917B8-034E-4AA3-8ADC-876DE91C0BDF}"
EndProject
Project("{9A19103F-16F7-4668-BE54-9A1E7A4F7556}") = "IntegrationTests", "IntegrationTests\IntegrationTests.csproj", "{577B7983-D9F2-4098-9122-1EC26B4D6916}"
EndProject
Project("{9A19103F-16F7-4668-BE54-9A1E7A4F7556}") = "DroneStore.Core", "DroneStore.Core\DroneStore.Core.csproj", "{E5CD9359-AC45-469E-A531-915177447F65}"
EndProject
Project("{2150E333-8FDC-42A3-9474-1A3956D46DE8}") = "src", "src", "{5F95AC2A-9D63-464D-8F89-33357F747EC4}"
EndProject
Global
	GlobalSection(SolutionConfigurationPlatforms) = preSolution
		Debug|Any CPU = Debug|Any CPU
		Release|Any CPU = Release|Any CPU
	EndGlobalSection
	GlobalSection(ProjectConfigurationPlatforms) = postSolution
		{57ACBFA6-E86F-40D7-99C4-3E17EB092EB9}.Debug|Any CPU.ActiveCfg = Debug|Any CPU
		{57ACBFA6-E86F-40D7-99C4-3E17EB092EB9}.Debug|Any CPU.Build.0 = Debug|Any CPU
		{57ACBFA6-E86F-40D7-99C4-3E17EB092EB9}.Release|Any CPU.ActiveCfg = Release|Any CPU
		{57ACBFA6-E86F-40D7-99C4-3E17EB092EB9}.Release|Any CPU.Build.0 = Release|Any CPU
		{EA0CDF24-C2CB-4BBA-9C66-C3F515FE196A}.Debug|Any CPU.ActiveCfg = Debug|Any CPU
		{EA0CDF24-C2CB-4BBA-9C66-C3F515FE196A}.Debug|Any CPU.Build.0 = Debug|Any CPU
		{EA0CDF24-C2CB-4BBA-9C66-C3F515FE196A}.Release|Any CPU.ActiveCfg = Release|Any CPU
		{EA0CDF24-C2CB-4BBA-9C66-C3F515FE196A}.Release|Any CPU.Build.0 = Release|Any CPU
		{4D4EFDD9-91A7-49F2-9949-CEFF1A862510}.Debug|Any CPU.ActiveCfg = Debug|Any CPU
		{4D4EFDD9-91A7-49F2-9949-CEFF1A862510}.Debug|Any CPU.Build.0 = Debug|Any CPU
		{4D4EFDD9-91A7-49F2-9949-CEFF1A862510}.Release|Any CPU.ActiveCfg = Release|Any CPU
		{4D4EFDD9-91A7-49F2-9949-CEFF1A862510}.Release|Any CPU.Build.0 = Release|Any CPU
		{59A1697E-94D4-48A7-B45C-4D1913B76C58}.Debug|Any CPU.ActiveCfg = Debug|Any CPU
		{59A1697E-94D4-48A7-B45C-4D1913B76C58}.Debug|Any CPU.Build.0 = Debug|Any CPU
		{59A1697E-94D4-48A7-B45C-4D1913B76C58}.Release|Any CPU.ActiveCfg = Release|Any CPU
		{59A1697E-94D4-48A7-B45C-4D1913B76C58}.Release|Any CPU.Build.0 = Release|Any CPU
		{4C5917B8-034E-4AA3-8ADC-876DE91C0BDF}.Debug|Any CPU.ActiveCfg = Debug|Any CPU
		{4C5917B8-034E-4AA3-8ADC-876DE91C0BDF}.Debug|Any CPU.Build.0 = Debug|Any CPU
		{4C5917B8-034E-4AA3-8ADC-876DE91C0BDF}.Release|Any CPU.ActiveCfg = Release|Any CPU
		{4C5917B8-034E-4AA3-8ADC-876DE91C0BDF}.Release|Any CPU.Build.0 = Release|Any CPU
		{577B7983-D9F2-4098-9122-1EC26B4D6916}.Debug|Any CPU.ActiveCfg = Debug|Any CPU
		{577B7983-D9F2-4098-9122-1EC26B4D6916}.Debug|Any CPU.Build.0 = Debug|Any CPU
		{577B7983-D9F2-4098-9122-1EC26B4D6916}.Release|Any CPU.ActiveCfg = Release|Any CPU
		{577B7983-D9F2-4098-9122-1EC26B4D6916}.Release|Any CPU.Build.0 = Release|Any CPU
		{E5CD9359-AC45-469E-A531-915177447F65}.Debug|Any CPU.ActiveCfg = Debug|Any CPU
		{E5CD9359-AC45-469E-A531-915177447F65}.Debug|Any CPU.Build.0 = Debug|Any CPU
		{E5CD9359-AC45-469E-A531-915177447F65}.Release|Any CPU.ActiveCfg = Release|Any CPU
		{E5CD9359-AC45-469E-A531-915177447F65}.Release|Any CPU.Build.0 = Release|Any CPU
	EndGlobalSection
	GlobalSection(SolutionProperties) = preSolution
		HideSolutionNode = FALSE
	EndGlobalSection
	GlobalSection(NestedProjects) = preSolution
		{57ACBFA6-E86F-40D7-99C4-3E17EB092EB9} = {5F95AC2A-9D63-464D-8F89-33357F747EC4}
		{EA0CDF24-C2CB-4BBA-9C66-C3F515FE196A} = {5F95AC2A-9D63-464D-8F89-33357F747EC4}
		{4D4EFDD9-91A7-49F2-9949-CEFF1A862510} = {5F95AC2A-9D63-464D-8F89-33357F747EC4}
		{59A1697E-94D4-48A7-B45C-4D1913B76C58} = {E3A23A5A-333E-4DFA-8826-DB201AD5E679}
		{4C5917B8-034E-4AA3-8ADC-876DE91C0BDF} = {E3A23A5A-333E-4DFA-8826-DB201AD5E679}
		{577B7983-D9F2-4098-9122-1EC26B4D6916} = {E3A23A5A-333E-4DFA-8826-DB201AD5E679}
		{E5CD9359-AC45-469E-A531-915177447F65} = {5F95AC2A-9D63-464D-8F89-33357F747EC4}
	EndGlobalSection
	GlobalSection(ExtensibilityGlobals) = postSolution
		SolutionGuid = {11172EAE-30E9-4EE7-9CF3-49177796B1DE}
	EndGlobalSection
EndGlobal
